// !$*UTF8*$!
{
	archiveVersion = 1;
	classes = {
	};
	objectVersion = 46;
	objects = {

/* Begin PBXBuildFile section */
		1D3623260D0F684500981E51 /* QuakeInfoAppDelegate.m in Sources */ = {isa = PBXBuildFile; fileRef = 1D3623250D0F684500981E51 /* QuakeInfoAppDelegate.m */; };
		1D60589B0D05DD56006BFB54 /* main.m in Sources */ = {isa = PBXBuildFile; fileRef = 29B97316FDCFA39411CA2CEA /* main.m */; };
		1D60589F0D05DD5A006BFB54 /* Foundation.framework in Frameworks */ = {isa = PBXBuildFile; fileRef = 1D30AB110D05D00D00671497 /* Foundation.framework */; };
		1DF5F4E00D08C38300B7A737 /* UIKit.framework in Frameworks */ = {isa = PBXBuildFile; fileRef = 1DF5F4DF0D08C38300B7A737 /* UIKit.framework */; };
		288765A50DF7441C002DB57D /* CoreGraphics.framework in Frameworks */ = {isa = PBXBuildFile; fileRef = 288765A40DF7441C002DB57D /* CoreGraphics.framework */; };
		2899E5220DE3E06400AC0155 /* QuakeInfoViewController.xib in Resources */ = {isa = PBXBuildFile; fileRef = 2899E5210DE3E06400AC0155 /* QuakeInfoViewController.xib */; };
		28AD733F0D9D9553002E5188 /* MainWindow.xib in Resources */ = {isa = PBXBuildFile; fileRef = 28AD733E0D9D9553002E5188 /* MainWindow.xib */; };
		28D7ACF80DDB3853001CB0EB /* QuakeInfoViewController.m in Sources */ = {isa = PBXBuildFile; fileRef = 28D7ACF70DDB3853001CB0EB /* QuakeInfoViewController.m */; };
		AA0F434410B268ED00F8DE34 /* DetailsViewToolbar.m in Sources */ = {isa = PBXBuildFile; fileRef = AA0F434310B268ED00F8DE34 /* DetailsViewToolbar.m */; };
		AA49D78E1023CFDE003AB1DC /* DetailsViewController.m in Sources */ = {isa = PBXBuildFile; fileRef = AA49D78C1023CFDE003AB1DC /* DetailsViewController.m */; };
		AA49D78F1023CFDE003AB1DC /* DetailsViewController.xib in Resources */ = {isa = PBXBuildFile; fileRef = AA49D78D1023CFDE003AB1DC /* DetailsViewController.xib */; };
		AA49D8071023F234003AB1DC /* icon_quake.png in Resources */ = {isa = PBXBuildFile; fileRef = AA49D8061023F234003AB1DC /* icon_quake.png */; };
		AA57D1A5101D103C000D9456 /* CoreLocation.framework in Frameworks */ = {isa = PBXBuildFile; fileRef = AA57D1A4101D103C000D9456 /* CoreLocation.framework */; };
		AA57D1AB101D1042000D9456 /* MapKit.framework in Frameworks */ = {isa = PBXBuildFile; fileRef = AA57D1AA101D1042000D9456 /* MapKit.framework */; };
		AA57D281101D28D5000D9456 /* Earthquake.m in Sources */ = {isa = PBXBuildFile; fileRef = AA57D280101D28D5000D9456 /* Earthquake.m */; };
		AA57D284101D28F0000D9456 /* USGSParser.m in Sources */ = {isa = PBXBuildFile; fileRef = AA57D283101D28F0000D9456 /* USGSParser.m */; };
		AA57D323101F4744000D9456 /* EarthquakeAnnotation.m in Sources */ = {isa = PBXBuildFile; fileRef = AA57D322101F4744000D9456 /* EarthquakeAnnotation.m */; };
		AA98155F1025148000FBAE84 /* MobileCoreServices.framework in Frameworks */ = {isa = PBXBuildFile; fileRef = AA98155E1025148000FBAE84 /* MobileCoreServices.framework */; };
		AA9815B610251F3700FBAE84 /* Entitlements.plist in Resources */ = {isa = PBXBuildFile; fileRef = AA9815B510251F3700FBAE84 /* Entitlements.plist */; };
		AAA0F5FB1084DB47004C9956 /* NetAccessViewController.xib in Resources */ = {isa = PBXBuildFile; fileRef = AAA0F5FA1084DB47004C9956 /* NetAccessViewController.xib */; };
		AAA0F6081084DF66004C9956 /* NetAccessViewController.m in Sources */ = {isa = PBXBuildFile; fileRef = AAA0F6061084DF66004C9956 /* NetAccessViewController.m */; };
		AAFB4C081083D32D00B429E2 /* Reachability.m in Sources */ = {isa = PBXBuildFile; fileRef = AAFB4C071083D32D00B429E2 /* Reachability.m */; };
		AAFB4C0A1083D36100B429E2 /* SystemConfiguration.framework in Frameworks */ = {isa = PBXBuildFile; fileRef = AAFB4C091083D36100B429E2 /* SystemConfiguration.framework */; };
/* End PBXBuildFile section */

/* Begin PBXFileReference section */
		1D30AB110D05D00D00671497 /* Foundation.framework */ = {isa = PBXFileReference; lastKnownFileType = wrapper.framework; name = Foundation.framework; path = System/Library/Frameworks/Foundation.framework; sourceTree = SDKROOT; };
		1D3623240D0F684500981E51 /* QuakeInfoAppDelegate.h */ = {isa = PBXFileReference; fileEncoding = 4; lastKnownFileType = sourcecode.c.h; path = QuakeInfoAppDelegate.h; sourceTree = "<group>"; };
		1D3623250D0F684500981E51 /* QuakeInfoAppDelegate.m */ = {isa = PBXFileReference; fileEncoding = 4; lastKnownFileType = sourcecode.c.objc; path = QuakeInfoAppDelegate.m; sourceTree = "<group>"; };
		1D6058910D05DD3D006BFB54 /* Terremoto.app */ = {isa = PBXFileReference; explicitFileType = wrapper.application; includeInIndex = 0; path = Terremoto.app; sourceTree = BUILT_PRODUCTS_DIR; };
		1DF5F4DF0D08C38300B7A737 /* UIKit.framework */ = {isa = PBXFileReference; lastKnownFileType = wrapper.framework; name = UIKit.framework; path = System/Library/Frameworks/UIKit.framework; sourceTree = SDKROOT; };
		288765A40DF7441C002DB57D /* CoreGraphics.framework */ = {isa = PBXFileReference; lastKnownFileType = wrapper.framework; name = CoreGraphics.framework; path = System/Library/Frameworks/CoreGraphics.framework; sourceTree = SDKROOT; };
		2899E5210DE3E06400AC0155 /* QuakeInfoViewController.xib */ = {isa = PBXFileReference; lastKnownFileType = file.xib; path = QuakeInfoViewController.xib; sourceTree = "<group>"; };
		28AD733E0D9D9553002E5188 /* MainWindow.xib */ = {isa = PBXFileReference; lastKnownFileType = file.xib; path = MainWindow.xib; sourceTree = "<group>"; };
		28D7ACF60DDB3853001CB0EB /* QuakeInfoViewController.h */ = {isa = PBXFileReference; fileEncoding = 4; lastKnownFileType = sourcecode.c.h; path = QuakeInfoViewController.h; sourceTree = "<group>"; };
		28D7ACF70DDB3853001CB0EB /* QuakeInfoViewController.m */ = {isa = PBXFileReference; fileEncoding = 4; lastKnownFileType = sourcecode.c.objc; path = QuakeInfoViewController.m; sourceTree = "<group>"; };
		29B97316FDCFA39411CA2CEA /* main.m */ = {isa = PBXFileReference; fileEncoding = 4; lastKnownFileType = sourcecode.c.objc; path = main.m; sourceTree = "<group>"; };
		32CA4F630368D1EE00C91783 /* Terremoto_Prefix.pch */ = {isa = PBXFileReference; fileEncoding = 4; lastKnownFileType = sourcecode.c.h; path = Terremoto_Prefix.pch; sourceTree = "<group>"; };
		8D1107310486CEB800E47090 /* Terremoto-Info.plist */ = {isa = PBXFileReference; fileEncoding = 4; lastKnownFileType = text.plist.xml; path = "Terremoto-Info.plist"; plistStructureDefinitionIdentifier = "com.apple.xcode.plist.structure-definition.iphone.info-plist"; sourceTree = "<group>"; };
		AA0F434210B268ED00F8DE34 /* DetailsViewToolbar.h */ = {isa = PBXFileReference; fileEncoding = 4; lastKnownFileType = sourcecode.c.h; path = DetailsViewToolbar.h; sourceTree = "<group>"; };
		AA0F434310B268ED00F8DE34 /* DetailsViewToolbar.m */ = {isa = PBXFileReference; fileEncoding = 4; lastKnownFileType = sourcecode.c.objc; path = DetailsViewToolbar.m; sourceTree = "<group>"; };
		AA49D78B1023CFDE003AB1DC /* DetailsViewController.h */ = {isa = PBXFileReference; fileEncoding = 4; lastKnownFileType = sourcecode.c.h; path = DetailsViewController.h; sourceTree = "<group>"; };
		AA49D78C1023CFDE003AB1DC /* DetailsViewController.m */ = {isa = PBXFileReference; fileEncoding = 4; lastKnownFileType = sourcecode.c.objc; path = DetailsViewController.m; sourceTree = "<group>"; };
		AA49D78D1023CFDE003AB1DC /* DetailsViewController.xib */ = {isa = PBXFileReference; lastKnownFileType = file.xib; path = DetailsViewController.xib; sourceTree = "<group>"; };
		AA49D8061023F234003AB1DC /* icon_quake.png */ = {isa = PBXFileReference; lastKnownFileType = image.png; path = icon_quake.png; sourceTree = "<group>"; };
		AA57D1A4101D103C000D9456 /* CoreLocation.framework */ = {isa = PBXFileReference; lastKnownFileType = wrapper.framework; name = CoreLocation.framework; path = System/Library/Frameworks/CoreLocation.framework; sourceTree = SDKROOT; };
		AA57D1AA101D1042000D9456 /* MapKit.framework */ = {isa = PBXFileReference; lastKnownFileType = wrapper.framework; name = MapKit.framework; path = System/Library/Frameworks/MapKit.framework; sourceTree = SDKROOT; };
		AA57D27F101D28D5000D9456 /* Earthquake.h */ = {isa = PBXFileReference; fileEncoding = 4; lastKnownFileType = sourcecode.c.h; path = Earthquake.h; sourceTree = "<group>"; };
		AA57D280101D28D5000D9456 /* Earthquake.m */ = {isa = PBXFileReference; fileEncoding = 4; lastKnownFileType = sourcecode.c.objc; path = Earthquake.m; sourceTree = "<group>"; };
		AA57D282101D28F0000D9456 /* USGSParser.h */ = {isa = PBXFileReference; fileEncoding = 4; lastKnownFileType = sourcecode.c.h; path = USGSParser.h; sourceTree = "<group>"; };
		AA57D283101D28F0000D9456 /* USGSParser.m */ = {isa = PBXFileReference; fileEncoding = 4; lastKnownFileType = sourcecode.c.objc; path = USGSParser.m; sourceTree = "<group>"; };
		AA57D321101F4744000D9456 /* EarthquakeAnnotation.h */ = {isa = PBXFileReference; fileEncoding = 4; lastKnownFileType = sourcecode.c.h; path = EarthquakeAnnotation.h; sourceTree = "<group>"; };
		AA57D322101F4744000D9456 /* EarthquakeAnnotation.m */ = {isa = PBXFileReference; fileEncoding = 4; lastKnownFileType = sourcecode.c.objc; path = EarthquakeAnnotation.m; sourceTree = "<group>"; };
		AA98155E1025148000FBAE84 /* MobileCoreServices.framework */ = {isa = PBXFileReference; lastKnownFileType = wrapper.framework; name = MobileCoreServices.framework; path = System/Library/Frameworks/MobileCoreServices.framework; sourceTree = SDKROOT; };
		AA9815B510251F3700FBAE84 /* Entitlements.plist */ = {isa = PBXFileReference; fileEncoding = 4; lastKnownFileType = text.plist.xml; path = Entitlements.plist; sourceTree = "<group>"; };
		AA9815D610253CE000FBAE84 /* README.markdown */ = {isa = PBXFileReference; fileEncoding = 4; lastKnownFileType = text; path = README.markdown; sourceTree = "<group>"; };
		AAA0F5FA1084DB47004C9956 /* NetAccessViewController.xib */ = {isa = PBXFileReference; lastKnownFileType = file.xib; path = NetAccessViewController.xib; sourceTree = "<group>"; };
		AAA0F6051084DF66004C9956 /* NetAccessViewController.h */ = {isa = PBXFileReference; fileEncoding = 4; lastKnownFileType = sourcecode.c.h; path = NetAccessViewController.h; sourceTree = "<group>"; };
		AAA0F6061084DF66004C9956 /* NetAccessViewController.m */ = {isa = PBXFileReference; fileEncoding = 4; lastKnownFileType = sourcecode.c.objc; path = NetAccessViewController.m; sourceTree = "<group>"; };
		AAFB4C061083D32C00B429E2 /* Reachability.h */ = {isa = PBXFileReference; fileEncoding = 4; lastKnownFileType = sourcecode.c.h; path = Reachability.h; sourceTree = "<group>"; };
		AAFB4C071083D32D00B429E2 /* Reachability.m */ = {isa = PBXFileReference; fileEncoding = 4; lastKnownFileType = sourcecode.c.objc; path = Reachability.m; sourceTree = "<group>"; };
		AAFB4C091083D36100B429E2 /* SystemConfiguration.framework */ = {isa = PBXFileReference; lastKnownFileType = wrapper.framework; name = SystemConfiguration.framework; path = System/Library/Frameworks/SystemConfiguration.framework; sourceTree = SDKROOT; };
/* End PBXFileReference section */

/* Begin PBXFrameworksBuildPhase section */
		1D60588F0D05DD3D006BFB54 /* Frameworks */ = {
			isa = PBXFrameworksBuildPhase;
			buildActionMask = 2147483647;
			files = (
				1D60589F0D05DD5A006BFB54 /* Foundation.framework in Frameworks */,
				1DF5F4E00D08C38300B7A737 /* UIKit.framework in Frameworks */,
				288765A50DF7441C002DB57D /* CoreGraphics.framework in Frameworks */,
				AA57D1A5101D103C000D9456 /* CoreLocation.framework in Frameworks */,
				AA57D1AB101D1042000D9456 /* MapKit.framework in Frameworks */,
				AA98155F1025148000FBAE84 /* MobileCoreServices.framework in Frameworks */,
				AAFB4C0A1083D36100B429E2 /* SystemConfiguration.framework in Frameworks */,
			);
			runOnlyForDeploymentPostprocessing = 0;
		};
/* End PBXFrameworksBuildPhase section */

/* Begin PBXGroup section */
		080E96DDFE201D6D7F000001 /* Classes */ = {
			isa = PBXGroup;
			children = (
				AAA0F6051084DF66004C9956 /* NetAccessViewController.h */,
				AAA0F6061084DF66004C9956 /* NetAccessViewController.m */,
				AAFB4C061083D32C00B429E2 /* Reachability.h */,
				AAFB4C071083D32D00B429E2 /* Reachability.m */,
				1D3623240D0F684500981E51 /* QuakeInfoAppDelegate.h */,
				1D3623250D0F684500981E51 /* QuakeInfoAppDelegate.m */,
				28D7ACF60DDB3853001CB0EB /* QuakeInfoViewController.h */,
				28D7ACF70DDB3853001CB0EB /* QuakeInfoViewController.m */,
				AA57D27F101D28D5000D9456 /* Earthquake.h */,
				AA57D280101D28D5000D9456 /* Earthquake.m */,
				AA57D282101D28F0000D9456 /* USGSParser.h */,
				AA57D283101D28F0000D9456 /* USGSParser.m */,
				AA57D321101F4744000D9456 /* EarthquakeAnnotation.h */,
				AA57D322101F4744000D9456 /* EarthquakeAnnotation.m */,
				AA49D78B1023CFDE003AB1DC /* DetailsViewController.h */,
				AA49D78C1023CFDE003AB1DC /* DetailsViewController.m */,
				AA0F434210B268ED00F8DE34 /* DetailsViewToolbar.h */,
				AA0F434310B268ED00F8DE34 /* DetailsViewToolbar.m */,
			);
			path = Classes;
			sourceTree = "<group>";
		};
		19C28FACFE9D520D11CA2CBB /* Products */ = {
			isa = PBXGroup;
			children = (
				1D6058910D05DD3D006BFB54 /* Terremoto.app */,
			);
			name = Products;
			sourceTree = "<group>";
		};
		29B97314FDCFA39411CA2CEA /* CustomTemplate */ = {
			isa = PBXGroup;
			children = (
				AA9815D610253CE000FBAE84 /* README.markdown */,
				080E96DDFE201D6D7F000001 /* Classes */,
				29B97315FDCFA39411CA2CEA /* Other Sources */,
				29B97317FDCFA39411CA2CEA /* Resources */,
				29B97323FDCFA39411CA2CEA /* Frameworks */,
				19C28FACFE9D520D11CA2CBB /* Products */,
				AA9815B510251F3700FBAE84 /* Entitlements.plist */,
			);
			name = CustomTemplate;
			sourceTree = "<group>";
		};
		29B97315FDCFA39411CA2CEA /* Other Sources */ = {
			isa = PBXGroup;
			children = (
				32CA4F630368D1EE00C91783 /* Terremoto_Prefix.pch */,
				29B97316FDCFA39411CA2CEA /* main.m */,
			);
			name = "Other Sources";
			sourceTree = "<group>";
		};
		29B97317FDCFA39411CA2CEA /* Resources */ = {
			isa = PBXGroup;
			children = (
				AA49D8061023F234003AB1DC /* icon_quake.png */,
				AA49D78D1023CFDE003AB1DC /* DetailsViewController.xib */,
				AAA0F5FA1084DB47004C9956 /* NetAccessViewController.xib */,
				2899E5210DE3E06400AC0155 /* QuakeInfoViewController.xib */,
				28AD733E0D9D9553002E5188 /* MainWindow.xib */,
				8D1107310486CEB800E47090 /* Terremoto-Info.plist */,
			);
			name = Resources;
			sourceTree = "<group>";
		};
		29B97323FDCFA39411CA2CEA /* Frameworks */ = {
			isa = PBXGroup;
			children = (
				AAFB4C091083D36100B429E2 /* SystemConfiguration.framework */,
				AA98155E1025148000FBAE84 /* MobileCoreServices.framework */,
				AA57D1A4101D103C000D9456 /* CoreLocation.framework */,
				AA57D1AA101D1042000D9456 /* MapKit.framework */,
				1DF5F4DF0D08C38300B7A737 /* UIKit.framework */,
				1D30AB110D05D00D00671497 /* Foundation.framework */,
				288765A40DF7441C002DB57D /* CoreGraphics.framework */,
			);
			name = Frameworks;
			sourceTree = "<group>";
		};
/* End PBXGroup section */

/* Begin PBXNativeTarget section */
		1D6058900D05DD3D006BFB54 /* Terremoto */ = {
			isa = PBXNativeTarget;
			buildConfigurationList = 1D6058960D05DD3E006BFB54 /* Build configuration list for PBXNativeTarget "Terremoto" */;
			buildPhases = (
				1D60588D0D05DD3D006BFB54 /* Resources */,
				1D60588E0D05DD3D006BFB54 /* Sources */,
				1D60588F0D05DD3D006BFB54 /* Frameworks */,
			);
			buildRules = (
			);
			dependencies = (
			);
			name = Terremoto;
			productName = QuakeInfo;
			productReference = 1D6058910D05DD3D006BFB54 /* Terremoto.app */;
			productType = "com.apple.product-type.application";
		};
/* End PBXNativeTarget section */

/* Begin PBXProject section */
		29B97313FDCFA39411CA2CEA /* Project object */ = {
			isa = PBXProject;
			attributes = {
				LastUpgradeCheck = 0420;
			};
			buildConfigurationList = C01FCF4E08A954540054247B /* Build configuration list for PBXProject "Terremoto" */;
			compatibilityVersion = "Xcode 3.2";
			developmentRegion = English;
			hasScannedForEncodings = 1;
			knownRegions = (
				English,
				Japanese,
				French,
				German,
			);
			mainGroup = 29B97314FDCFA39411CA2CEA /* CustomTemplate */;
			projectDirPath = "";
			projectRoot = "";
			targets = (
				1D6058900D05DD3D006BFB54 /* Terremoto */,
			);
		};
/* End PBXProject section */

/* Begin PBXResourcesBuildPhase section */
		1D60588D0D05DD3D006BFB54 /* Resources */ = {
			isa = PBXResourcesBuildPhase;
			buildActionMask = 2147483647;
			files = (
				28AD733F0D9D9553002E5188 /* MainWindow.xib in Resources */,
				2899E5220DE3E06400AC0155 /* QuakeInfoViewController.xib in Resources */,
				AA49D78F1023CFDE003AB1DC /* DetailsViewController.xib in Resources */,
				AA49D8071023F234003AB1DC /* icon_quake.png in Resources */,
				AA9815B610251F3700FBAE84 /* Entitlements.plist in Resources */,
				AAA0F5FB1084DB47004C9956 /* NetAccessViewController.xib in Resources */,
			);
			runOnlyForDeploymentPostprocessing = 0;
		};
/* End PBXResourcesBuildPhase section */

/* Begin PBXSourcesBuildPhase section */
		1D60588E0D05DD3D006BFB54 /* Sources */ = {
			isa = PBXSourcesBuildPhase;
			buildActionMask = 2147483647;
			files = (
				1D60589B0D05DD56006BFB54 /* main.m in Sources */,
				1D3623260D0F684500981E51 /* QuakeInfoAppDelegate.m in Sources */,
				28D7ACF80DDB3853001CB0EB /* QuakeInfoViewController.m in Sources */,
				AA57D281101D28D5000D9456 /* Earthquake.m in Sources */,
				AA57D284101D28F0000D9456 /* USGSParser.m in Sources */,
				AA57D323101F4744000D9456 /* EarthquakeAnnotation.m in Sources */,
				AA49D78E1023CFDE003AB1DC /* DetailsViewController.m in Sources */,
				AAFB4C081083D32D00B429E2 /* Reachability.m in Sources */,
				AAA0F6081084DF66004C9956 /* NetAccessViewController.m in Sources */,
				AA0F434410B268ED00F8DE34 /* DetailsViewToolbar.m in Sources */,
			);
			runOnlyForDeploymentPostprocessing = 0;
		};
/* End PBXSourcesBuildPhase section */

/* Begin XCBuildConfiguration section */
		1D6058940D05DD3E006BFB54 /* Debug */ = {
			isa = XCBuildConfiguration;
			buildSettings = {
				ALWAYS_SEARCH_USER_PATHS = NO;
				COPY_PHASE_STRIP = NO;
				GCC_DYNAMIC_NO_PIC = NO;
				GCC_OPTIMIZATION_LEVEL = 0;
				GCC_PRECOMPILE_PREFIX_HEADER = YES;
				GCC_PREFIX_HEADER = Terremoto_Prefix.pch;
				INFOPLIST_FILE = "Terremoto-Info.plist";
				PRODUCT_NAME = Terremoto;
				SDKROOT = iphoneos;
				TARGETED_DEVICE_FAMILY = "1,2";
			};
			name = Debug;
		};
		1D6058950D05DD3E006BFB54 /* Release */ = {
			isa = XCBuildConfiguration;
			buildSettings = {
				ALWAYS_SEARCH_USER_PATHS = NO;
				COPY_PHASE_STRIP = YES;
				GCC_PRECOMPILE_PREFIX_HEADER = YES;
				GCC_PREFIX_HEADER = Terremoto_Prefix.pch;
				INFOPLIST_FILE = "Terremoto-Info.plist";
				PRODUCT_NAME = Terremoto;
				SDKROOT = iphoneos;
				TARGETED_DEVICE_FAMILY = "1,2";
			};
			name = Release;
		};
		AA29A3F410273BC900C0F7AB /* App Store */ = {
			isa = XCBuildConfiguration;
			buildSettings = {
				ARCHS = "$(ARCHS_STANDARD_32_BIT)";
				"CODE_SIGN_IDENTITY[sdk=iphoneos*]" = "iPhone Distribution: Craig Schamp";
				GCC_C_LANGUAGE_STANDARD = c99;
				GCC_WARN_ABOUT_RETURN_TYPE = YES;
				GCC_WARN_UNUSED_VARIABLE = YES;
				"PROVISIONING_PROFILE[sdk=iphoneos*]" = "661758F0-DDDD-4232-971D-514A277F6168";
				SDKROOT = iphoneos;
				TARGETED_DEVICE_FAMILY = "1,2";
			};
			name = "App Store";
		};
		AA29A3F510273BC900C0F7AB /* App Store */ = {
			isa = XCBuildConfiguration;
			buildSettings = {
				ALWAYS_SEARCH_USER_PATHS = NO;
				CODE_SIGN_ENTITLEMENTS = Entitlements.plist;
				"CODE_SIGN_IDENTITY[sdk=iphoneos*]" = "iPhone Distribution: Craig Schamp";
				COPY_PHASE_STRIP = YES;
				GCC_PRECOMPILE_PREFIX_HEADER = YES;
				GCC_PREFIX_HEADER = Terremoto_Prefix.pch;
				INFOPLIST_FILE = "Terremoto-Info.plist";
				PRODUCT_NAME = Terremoto;
				"PROVISIONING_PROFILE[sdk=iphoneos*]" = "661758F0-DDDD-4232-971D-514A277F6168";
				SDKROOT = iphoneos;
				TARGETED_DEVICE_FAMILY = "1,2";
			};
			name = "App Store";
		};
		AA9815AC10251E6000FBAE84 /* Distribution */ = {
			isa = XCBuildConfiguration;
			buildSettings = {
				ARCHS = "$(ARCHS_STANDARD_32_BIT)";
				"CODE_SIGN_IDENTITY[sdk=iphoneos*]" = "iPhone Distribution: Craig Schamp";
				GCC_C_LANGUAGE_STANDARD = c99;
				GCC_WARN_ABOUT_RETURN_TYPE = YES;
				GCC_WARN_UNUSED_VARIABLE = YES;
				"PROVISIONING_PROFILE[sdk=iphoneos*]" = "E24AA56C-73A8-4B9D-9D31-D30797752D6D";
				SDKROOT = iphoneos;
				TARGETED_DEVICE_FAMILY = "1,2";
			};
			name = Distribution;
		};
		AA9815AD10251E6000FBAE84 /* Distribution */ = {
			isa = XCBuildConfiguration;
			buildSettings = {
				ALWAYS_SEARCH_USER_PATHS = NO;
				CODE_SIGN_ENTITLEMENTS = Entitlements.plist;
				"CODE_SIGN_IDENTITY[sdk=iphoneos*]" = "iPhone Distribution: Craig Schamp";
				COPY_PHASE_STRIP = YES;
				GCC_PRECOMPILE_PREFIX_HEADER = YES;
				GCC_PREFIX_HEADER = Terremoto_Prefix.pch;
				INFOPLIST_FILE = "Terremoto-Info.plist";
				PRODUCT_NAME = Terremoto;
				"PROVISIONING_PROFILE[sdk=iphoneos*]" = "E24AA56C-73A8-4B9D-9D31-D30797752D6D";
				SDKROOT = iphoneos;
				TARGETED_DEVICE_FAMILY = "1,2";
			};
			name = Distribution;
		};
		C01FCF4F08A954540054247B /* Debug */ = {
			isa = XCBuildConfiguration;
			buildSettings = {
				ARCHS = "$(ARCHS_STANDARD_32_BIT)";
				"CODE_SIGN_IDENTITY[sdk=iphoneos*]" = "iPhone Developer";
				GCC_C_LANGUAGE_STANDARD = c99;
				GCC_WARN_ABOUT_RETURN_TYPE = YES;
				GCC_WARN_UNUSED_VARIABLE = YES;
				SDKROOT = iphoneos;
				STRIP_INSTALLED_PRODUCT = NO;
				TARGETED_DEVICE_FAMILY = "1,2";
			};
			name = Debug;
		};
		C01FCF5008A954540054247B /* Release */ = {
			isa = XCBuildConfiguration;
			buildSettings = {
				ARCHS = "$(ARCHS_STANDARD_32_BIT)";
				"CODE_SIGN_IDENTITY[sdk=iphoneos*]" = "iPhone Developer";
				GCC_C_LANGUAGE_STANDARD = c99;
				GCC_WARN_ABOUT_RETURN_TYPE = YES;
				GCC_WARN_UNUSED_VARIABLE = YES;
				SDKROOT = iphoneos;
				TARGETED_DEVICE_FAMILY = "1,2";
			};
			name = Release;
		};
/* End XCBuildConfiguration section */

/* Begin XCConfigurationList section */
		1D6058960D05DD3E006BFB54 /* Build configuration list for PBXNativeTarget "Terremoto" */ = {
			isa = XCConfigurationList;
			buildConfigurations = (
				1D6058940D05DD3E006BFB54 /* Debug */,
				1D6058950D05DD3E006BFB54 /* Release */,
				AA9815AD10251E6000FBAE84 /* Distribution */,
				AA29A3F510273BC900C0F7AB /* App Store */,
			);
			defaultConfigurationIsVisible = 0;
			defaultConfigurationName = Release;
		};
		C01FCF4E08A954540054247B /* Build configuration list for PBXProject "Terremoto" */ = {
			isa = XCConfigurationList;
			buildConfigurations = (
				C01FCF4F08A954540054247B /* Debug */,
				C01FCF5008A954540054247B /* Release */,
				AA9815AC10251E6000FBAE84 /* Distribution */,
				AA29A3F410273BC900C0F7AB /* App Store */,
			);
			defaultConfigurationIsVisible = 0;
			defaultConfigurationName = Release;
		};
/* End XCConfigurationList section */
	};
	rootObject = 29B97313FDCFA39411CA2CEA /* Project object */;
}
